// !$*UTF8*$!
{
	archiveVersion = 1;
	classes = {
	};
	objectVersion = 46;
	objects = {

/* Begin PBXBuildFile section */
		710FF8901D45610700F35346 /* AppDelegate.swift in Sources */ = {isa = PBXBuildFile; fileRef = 710FF88F1D45610700F35346 /* AppDelegate.swift */; };
		710FF8921D45610700F35346 /* ViewController.swift in Sources */ = {isa = PBXBuildFile; fileRef = 710FF8911D45610700F35346 /* ViewController.swift */; };
		710FF8951D45610700F35346 /* Main.storyboard in Resources */ = {isa = PBXBuildFile; fileRef = 710FF8931D45610700F35346 /* Main.storyboard */; };
		710FF8971D45610700F35346 /* Assets.xcassets in Resources */ = {isa = PBXBuildFile; fileRef = 710FF8961D45610700F35346 /* Assets.xcassets */; };
		710FF89A1D45610700F35346 /* LaunchScreen.storyboard in Resources */ = {isa = PBXBuildFile; fileRef = 710FF8981D45610700F35346 /* LaunchScreen.storyboard */; };
		710FF8A51D45610800F35346 /* tapperappTests.swift in Sources */ = {isa = PBXBuildFile; fileRef = 710FF8A41D45610800F35346 /* tapperappTests.swift */; };
		710FF8B01D45610800F35346 /* tapperappUITests.swift in Sources */ = {isa = PBXBuildFile; fileRef = 710FF8AF1D45610800F35346 /* tapperappUITests.swift */; };
/* End PBXBuildFile section */

/* Begin PBXContainerItemProxy section */
		710FF8A11D45610800F35346 /* PBXContainerItemProxy */ = {
			isa = PBXContainerItemProxy;
			containerPortal = 710FF8841D45610700F35346 /* Project object */;
			proxyType = 1;
			remoteGlobalIDString = 710FF88B1D45610700F35346;
			remoteInfo = tapperapp;
		};
		710FF8AC1D45610800F35346 /* PBXContainerItemProxy */ = {
			isa = PBXContainerItemProxy;
			containerPortal = 710FF8841D45610700F35346 /* Project object */;
			proxyType = 1;
			remoteGlobalIDString = 710FF88B1D45610700F35346;
			remoteInfo = tapperapp;
		};
/* End PBXContainerItemProxy section */

/* Begin PBXFileReference section */
		710FF88C1D45610700F35346 /* tapperapp.app */ = {isa = PBXFileReference; explicitFileType = wrapper.application; includeInIndex = 0; path = tapperapp.app; sourceTree = BUILT_PRODUCTS_DIR; };
		710FF88F1D45610700F35346 /* AppDelegate.swift */ = {isa = PBXFileReference; lastKnownFileType = sourcecode.swift; path = AppDelegate.swift; sourceTree = "<group>"; };
		710FF8911D45610700F35346 /* ViewController.swift */ = {isa = PBXFileReference; lastKnownFileType = sourcecode.swift; path = ViewController.swift; sourceTree = "<group>"; };
		710FF8941D45610700F35346 /* Base */ = {isa = PBXFileReference; lastKnownFileType = file.storyboard; name = Base; path = Base.lproj/Main.storyboard; sourceTree = "<group>"; };
		710FF8961D45610700F35346 /* Assets.xcassets */ = {isa = PBXFileReference; lastKnownFileType = folder.assetcatalog; path = Assets.xcassets; sourceTree = "<group>"; };
		710FF8991D45610700F35346 /* Base */ = {isa = PBXFileReference; lastKnownFileType = file.storyboard; name = Base; path = Base.lproj/LaunchScreen.storyboard; sourceTree = "<group>"; };
		710FF89B1D45610700F35346 /* Info.plist */ = {isa = PBXFileReference; lastKnownFileType = text.plist.xml; path = Info.plist; sourceTree = "<group>"; };
		710FF8A01D45610800F35346 /* tapperappTests.xctest */ = {isa = PBXFileReference; explicitFileType = wrapper.cfbundle; includeInIndex = 0; path = tapperappTests.xctest; sourceTree = BUILT_PRODUCTS_DIR; };
		710FF8A41D45610800F35346 /* tapperappTests.swift */ = {isa = PBXFileReference; lastKnownFileType = sourcecode.swift; path = tapperappTests.swift; sourceTree = "<group>"; };
		710FF8A61D45610800F35346 /* Info.plist */ = {isa = PBXFileReference; lastKnownFileType = text.plist.xml; path = Info.plist; sourceTree = "<group>"; };
		710FF8AB1D45610800F35346 /* tapperappUITests.xctest */ = {isa = PBXFileReference; explicitFileType = wrapper.cfbundle; includeInIndex = 0; path = tapperappUITests.xctest; sourceTree = BUILT_PRODUCTS_DIR; };
		710FF8AF1D45610800F35346 /* tapperappUITests.swift */ = {isa = PBXFileReference; lastKnownFileType = sourcecode.swift; path = tapperappUITests.swift; sourceTree = "<group>"; };
		710FF8B11D45610800F35346 /* Info.plist */ = {isa = PBXFileReference; lastKnownFileType = text.plist.xml; path = Info.plist; sourceTree = "<group>"; };
/* End PBXFileReference section */

/* Begin PBXFrameworksBuildPhase section */
		710FF8891D45610700F35346 /* Frameworks */ = {
			isa = PBXFrameworksBuildPhase;
			buildActionMask = 2147483647;
			files = (
			);
			runOnlyForDeploymentPostprocessing = 0;
		};
		710FF89D1D45610800F35346 /* Frameworks */ = {
			isa = PBXFrameworksBuildPhase;
			buildActionMask = 2147483647;
			files = (
			);
			runOnlyForDeploymentPostprocessing = 0;
		};
		710FF8A81D45610800F35346 /* Frameworks */ = {
			isa = PBXFrameworksBuildPhase;
			buildActionMask = 2147483647;
			files = (
			);
			runOnlyForDeploymentPostprocessing = 0;
		};
/* End PBXFrameworksBuildPhase section */

/* Begin PBXGroup section */
		710FF8831D45610700F35346 = {
			isa = PBXGroup;
			children = (
				710FF88E1D45610700F35346 /* tapperapp */,
				710FF8A31D45610800F35346 /* tapperappTests */,
				710FF8AE1D45610800F35346 /* tapperappUITests */,
				710FF88D1D45610700F35346 /* Products */,
			);
			sourceTree = "<group>";
		};
		710FF88D1D45610700F35346 /* Products */ = {
			isa = PBXGroup;
			children = (
				710FF88C1D45610700F35346 /* tapperapp.app */,
				710FF8A01D45610800F35346 /* tapperappTests.xctest */,
				710FF8AB1D45610800F35346 /* tapperappUITests.xctest */,
			);
			name = Products;
			sourceTree = "<group>";
		};
		710FF88E1D45610700F35346 /* tapperapp */ = {
			isa = PBXGroup;
			children = (
				710FF88F1D45610700F35346 /* AppDelegate.swift */,
				710FF8911D45610700F35346 /* ViewController.swift */,
				710FF8931D45610700F35346 /* Main.storyboard */,
				710FF8961D45610700F35346 /* Assets.xcassets */,
				710FF8981D45610700F35346 /* LaunchScreen.storyboard */,
				710FF89B1D45610700F35346 /* Info.plist */,
			);
			path = tapperapp;
			sourceTree = "<group>";
		};
		710FF8A31D45610800F35346 /* tapperappTests */ = {
			isa = PBXGroup;
			children = (
				710FF8A41D45610800F35346 /* tapperappTests.swift */,
				710FF8A61D45610800F35346 /* Info.plist */,
			);
			path = tapperappTests;
			sourceTree = "<group>";
		};
		710FF8AE1D45610800F35346 /* tapperappUITests */ = {
			isa = PBXGroup;
			children = (
				710FF8AF1D45610800F35346 /* tapperappUITests.swift */,
				710FF8B11D45610800F35346 /* Info.plist */,
			);
			path = tapperappUITests;
			sourceTree = "<group>";
		};
/* End PBXGroup section */

/* Begin PBXNativeTarget section */
		710FF88B1D45610700F35346 /* tapperapp */ = {
			isa = PBXNativeTarget;
			buildConfigurationList = 710FF8B41D45610800F35346 /* Build configuration list for PBXNativeTarget "tapperapp" */;
			buildPhases = (
				710FF8881D45610700F35346 /* Sources */,
				710FF8891D45610700F35346 /* Frameworks */,
				710FF88A1D45610700F35346 /* Resources */,
			);
			buildRules = (
			);
			dependencies = (
			);
			name = tapperapp;
			productName = tapperapp;
			productReference = 710FF88C1D45610700F35346 /* tapperapp.app */;
			productType = "com.apple.product-type.application";
		};
		710FF89F1D45610800F35346 /* tapperappTests */ = {
			isa = PBXNativeTarget;
			buildConfigurationList = 710FF8B71D45610800F35346 /* Build configuration list for PBXNativeTarget "tapperappTests" */;
			buildPhases = (
				710FF89C1D45610800F35346 /* Sources */,
				710FF89D1D45610800F35346 /* Frameworks */,
				710FF89E1D45610800F35346 /* Resources */,
			);
			buildRules = (
			);
			dependencies = (
				710FF8A21D45610800F35346 /* PBXTargetDependency */,
			);
			name = tapperappTests;
			productName = tapperappTests;
			productReference = 710FF8A01D45610800F35346 /* tapperappTests.xctest */;
			productType = "com.apple.product-type.bundle.unit-test";
		};
		710FF8AA1D45610800F35346 /* tapperappUITests */ = {
			isa = PBXNativeTarget;
			buildConfigurationList = 710FF8BA1D45610800F35346 /* Build configuration list for PBXNativeTarget "tapperappUITests" */;
			buildPhases = (
				710FF8A71D45610800F35346 /* Sources */,
				710FF8A81D45610800F35346 /* Frameworks */,
				710FF8A91D45610800F35346 /* Resources */,
			);
			buildRules = (
			);
			dependencies = (
				710FF8AD1D45610800F35346 /* PBXTargetDependency */,
			);
			name = tapperappUITests;
			productName = tapperappUITests;
			productReference = 710FF8AB1D45610800F35346 /* tapperappUITests.xctest */;
			productType = "com.apple.product-type.bundle.ui-testing";
		};
/* End PBXNativeTarget section */

/* Begin PBXProject section */
		710FF8841D45610700F35346 /* Project object */ = {
			isa = PBXProject;
			attributes = {
				LastSwiftUpdateCheck = 0730;
				LastUpgradeCheck = 0730;
				ORGANIZATIONNAME = torilin;
				TargetAttributes = {
					710FF88B1D45610700F35346 = {
						CreatedOnToolsVersion = 7.3.1;
					};
					710FF89F1D45610800F35346 = {
						CreatedOnToolsVersion = 7.3.1;
						TestTargetID = 710FF88B1D45610700F35346;
					};
					710FF8AA1D45610800F35346 = {
						CreatedOnToolsVersion = 7.3.1;
						TestTargetID = 710FF88B1D45610700F35346;
					};
				};
			};
			buildConfigurationList = 710FF8871D45610700F35346 /* Build configuration list for PBXProject "tapperapp" */;
			compatibilityVersion = "Xcode 3.2";
			developmentRegion = English;
			hasScannedForEncodings = 0;
			knownRegions = (
				en,
				Base,
			);
			mainGroup = 710FF8831D45610700F35346;
			productRefGroup = 710FF88D1D45610700F35346 /* Products */;
			projectDirPath = "";
			projectRoot = "";
			targets = (
				710FF88B1D45610700F35346 /* tapperapp */,
				710FF89F1D45610800F35346 /* tapperappTests */,
				710FF8AA1D45610800F35346 /* tapperappUITests */,
			);
		};
/* End PBXProject section */

/* Begin PBXResourcesBuildPhase section */
		710FF88A1D45610700F35346 /* Resources */ = {
			isa = PBXResourcesBuildPhase;
			buildActionMask = 2147483647;
			files = (
				710FF89A1D45610700F35346 /* LaunchScreen.storyboard in Resources */,
				710FF8971D45610700F35346 /* Assets.xcassets in Resources */,
				710FF8951D45610700F35346 /* Main.storyboard in Resources */,
			);
			runOnlyForDeploymentPostprocessing = 0;
		};
		710FF89E1D45610800F35346 /* Resources */ = {
			isa = PBXResourcesBuildPhase;
			buildActionMask = 2147483647;
			files = (
			);
			runOnlyForDeploymentPostprocessing = 0;
		};
		710FF8A91D45610800F35346 /* Resources */ = {
			isa = PBXResourcesBuildPhase;
			buildActionMask = 2147483647;
			files = (
			);
			runOnlyForDeploymentPostprocessing = 0;
		};
/* End PBXResourcesBuildPhase section */

/* Begin PBXSourcesBuildPhase section */
		710FF8881D45610700F35346 /* Sources */ = {
			isa = PBXSourcesBuildPhase;
			buildActionMask = 2147483647;
			files = (
				710FF8921D45610700F35346 /* ViewController.swift in Sources */,
				710FF8901D45610700F35346 /* AppDelegate.swift in Sources */,
			);
			runOnlyForDeploymentPostprocessing = 0;
		};
		710FF89C1D45610800F35346 /* Sources */ = {
			isa = PBXSourcesBuildPhase;
			buildActionMask = 2147483647;
			files = (
				710FF8A51D45610800F35346 /* tapperappTests.swift in Sources */,
			);
			runOnlyForDeploymentPostprocessing = 0;
		};
		710FF8A71D45610800F35346 /* Sources */ = {
			isa = PBXSourcesBuildPhase;
			buildActionMask = 2147483647;
			files = (
				710FF8B01D45610800F35346 /* tapperappUITests.swift in Sources */,
			);
			runOnlyForDeploymentPostprocessing = 0;
		};
/* End PBXSourcesBuildPhase section */

/* Begin PBXTargetDependency section */
		710FF8A21D45610800F35346 /* PBXTargetDependency */ = {
			isa = PBXTargetDependency;
			target = 710FF88B1D45610700F35346 /* tapperapp */;
			targetProxy = 710FF8A11D45610800F35346 /* PBXContainerItemProxy */;
		};
		710FF8AD1D45610800F35346 /* PBXTargetDependency */ = {
			isa = PBXTargetDependency;
			target = 710FF88B1D45610700F35346 /* tapperapp */;
			targetProxy = 710FF8AC1D45610800F35346 /* PBXContainerItemProxy */;
		};
/* End PBXTargetDependency section */

/* Begin PBXVariantGroup section */
		710FF8931D45610700F35346 /* Main.storyboard */ = {
			isa = PBXVariantGroup;
			children = (
				710FF8941D45610700F35346 /* Base */,
			);
			name = Main.storyboard;
			sourceTree = "<group>";
		};
		710FF8981D45610700F35346 /* LaunchScreen.storyboard */ = {
			isa = PBXVariantGroup;
			children = (
				710FF8991D45610700F35346 /* Base */,
			);
			name = LaunchScreen.storyboard;
			sourceTree = "<group>";
		};
/* End PBXVariantGroup section */

/* Begin XCBuildConfiguration section */
		710FF8B21D45610800F35346 /* Debug */ = {
			isa = XCBuildConfiguration;
			buildSettings = {
				ALWAYS_SEARCH_USER_PATHS = NO;
				CLANG_ANALYZER_NONNULL = YES;
				CLANG_CXX_LANGUAGE_STANDARD = "gnu++0x";
				CLANG_CXX_LIBRARY = "libc++";
				CLANG_ENABLE_MODULES = YES;
				CLANG_ENABLE_OBJC_ARC = YES;
				CLANG_WARN_BOOL_CONVERSION = YES;
				CLANG_WARN_CONSTANT_CONVERSION = YES;
				CLANG_WARN_DIRECT_OBJC_ISA_USAGE = YES_ERROR;
				CLANG_WARN_EMPTY_BODY = YES;
				CLANG_WARN_ENUM_CONVERSION = YES;
				CLANG_WARN_INT_CONVERSION = YES;
				CLANG_WARN_OBJC_ROOT_CLASS = YES_ERROR;
				CLANG_WARN_UNREACHABLE_CODE = YES;
				CLANG_WARN__DUPLICATE_METHOD_MATCH = YES;
				"CODE_SIGN_IDENTITY[sdk=iphoneos*]" = "iPhone Developer";
				COPY_PHASE_STRIP = NO;
				DEBUG_INFORMATION_FORMAT = dwarf;
				ENABLE_STRICT_OBJC_MSGSEND = YES;
				ENABLE_TESTABILITY = YES;
				GCC_C_LANGUAGE_STANDARD = gnu99;
				GCC_DYNAMIC_NO_PIC = NO;
				GCC_NO_COMMON_BLOCKS = YES;
				GCC_OPTIMIZATION_LEVEL = 0;
				GCC_PREPROCESSOR_DEFINITIONS = (
					"DEBUG=1",
					"$(inherited)",
				);
				GCC_WARN_64_TO_32_BIT_CONVERSION = YES;
				GCC_WARN_ABOUT_RETURN_TYPE = YES_ERROR;
				GCC_WARN_UNDECLARED_SELECTOR = YES;
				GCC_WARN_UNINITIALIZED_AUTOS = YES_AGGRESSIVE;
				GCC_WARN_UNUSED_FUNCTION = YES;
				GCC_WARN_UNUSED_VARIABLE = YES;
				IPHONEOS_DEPLOYMENT_TARGET = 9.3;
				MTL_ENABLE_DEBUG_INFO = YES;
				ONLY_ACTIVE_ARCH = YES;
				SDKROOT = iphoneos;
				SWIFT_OPTIMIZATION_LEVEL = "-Onone";
				TARGETED_DEVICE_FAMILY = "1,2";
			};
			name = Debug;
		};
		710FF8B31D45610800F35346 /* Release */ = {
			isa = XCBuildConfiguration;
			buildSettings = {
				ALWAYS_SEARCH_USER_PATHS = NO;
				CLANG_ANALYZER_NONNULL = YES;
				CLANG_CXX_LANGUAGE_STANDARD = "gnu++0x";
				CLANG_CXX_LIBRARY = "libc++";
				CLANG_ENABLE_MODULES = YES;
				CLANG_ENABLE_OBJC_ARC = YES;
				CLANG_WARN_BOOL_CONVERSION = YES;
				CLANG_WARN_CONSTANT_CONVERSION = YES;
				CLANG_WARN_DIRECT_OBJC_ISA_USAGE = YES_ERROR;
				CLANG_WARN_EMPTY_BODY = YES;
				CLANG_WARN_ENUM_CONVERSION = YES;
				CLANG_WARN_INT_CONVERSION = YES;
				CLANG_WARN_OBJC_ROOT_CLASS = YES_ERROR;
				CLANG_WARN_UNREACHABLE_CODE = YES;
				CLANG_WARN__DUPLICATE_METHOD_MATCH = YES;
				"CODE_SIGN_IDENTITY[sdk=iphoneos*]" = "iPhone Developer";
				COPY_PHASE_STRIP = NO;
				DEBUG_INFORMATION_FORMAT = "dwarf-with-dsym";
				ENABLE_NS_ASSERTIONS = NO;
				ENABLE_STRICT_OBJC_MSGSEND = YES;
				GCC_C_LANGUAGE_STANDARD = gnu99;
				GCC_NO_COMMON_BLOCKS = YES;
				GCC_WARN_64_TO_32_BIT_CONVERSION = YES;
				GCC_WARN_ABOUT_RETURN_TYPE = YES_ERROR;
				GCC_WARN_UNDECLARED_SELECTOR = YES;
				GCC_WARN_UNINITIALIZED_AUTOS = YES_AGGRESSIVE;
				GCC_WARN_UNUSED_FUNCTION = YES;
				GCC_WARN_UNUSED_VARIABLE = YES;
				IPHONEOS_DEPLOYMENT_TARGET = 9.3;
				MTL_ENABLE_DEBUG_INFO = NO;
				SDKROOT = iphoneos;
				TARGETED_DEVICE_FAMILY = "1,2";
				VALIDATE_PRODUCT = YES;
			};
			name = Release;
		};
		710FF8B51D45610800F35346 /* Debug */ = {
			isa = XCBuildConfiguration;
			buildSettings = {
				ASSETCATALOG_COMPILER_APPICON_NAME = AppIcon;
				INFOPLIST_FILE = tapperapp/Info.plist;
				LD_RUNPATH_SEARCH_PATHS = "$(inherited) @executable_path/Frameworks";
				PRODUCT_BUNDLE_IDENTIFIER = torilin.tapperapp;
				PRODUCT_NAME = "$(TARGET_NAME)";
			};
			name = Debug;
		};
		710FF8B61D45610800F35346 /* Release */ = {
			isa = XCBuildConfiguration;
			buildSettings = {
				ASSETCATALOG_COMPILER_APPICON_NAME = AppIcon;
				INFOPLIST_FILE = tapperapp/Info.plist;
				LD_RUNPATH_SEARCH_PATHS = "$(inherited) @executable_path/Frameworks";
				PRODUCT_BUNDLE_IDENTIFIER = torilin.tapperapp;
				PRODUCT_NAME = "$(TARGET_NAME)";
			};
			name = Release;
		};
		710FF8B81D45610800F35346 /* Debug */ = {
			isa = XCBuildConfiguration;
			buildSettings = {
				BUNDLE_LOADER = "$(TEST_HOST)";
				INFOPLIST_FILE = tapperappTests/Info.plist;
				LD_RUNPATH_SEARCH_PATHS = "$(inherited) @executable_path/Frameworks @loader_path/Frameworks";
				PRODUCT_BUNDLE_IDENTIFIER = torilin.tapperappTests;
				PRODUCT_NAME = "$(TARGET_NAME)";
				TEST_HOST = "$(BUILT_PRODUCTS_DIR)/tapperapp.app/tapperapp";
			};
			name = Debug;
		};
		710FF8B91D45610800F35346 /* Release */ = {
			isa = XCBuildConfiguration;
			buildSettings = {
				BUNDLE_LOADER = "$(TEST_HOST)";
				INFOPLIST_FILE = tapperappTests/Info.plist;
				LD_RUNPATH_SEARCH_PATHS = "$(inherited) @executable_path/Frameworks @loader_path/Frameworks";
				PRODUCT_BUNDLE_IDENTIFIER = torilin.tapperappTests;
				PRODUCT_NAME = "$(TARGET_NAME)";
				TEST_HOST = "$(BUILT_PRODUCTS_DIR)/tapperapp.app/tapperapp";
			};
			name = Release;
		};
		710FF8BB1D45610800F35346 /* Debug */ = {
			isa = XCBuildConfiguration;
			buildSettings = {
				INFOPLIST_FILE = tapperappUITests/Info.plist;
				LD_RUNPATH_SEARCH_PATHS = "$(inherited) @executable_path/Frameworks @loader_path/Frameworks";
				PRODUCT_BUNDLE_IDENTIFIER = torilin.tapperappUITests;
				PRODUCT_NAME = "$(TARGET_NAME)";
				TEST_TARGET_NAME = tapperapp;
			};
			name = Debug;
		};
		710FF8BC1D45610800F35346 /* Release */ = {
			isa = XCBuildConfiguration;
			buildSettings = {
				INFOPLIST_FILE = tapperappUITests/Info.plist;
				LD_RUNPATH_SEARCH_PATHS = "$(inherited) @executable_path/Frameworks @loader_path/Frameworks";
				PRODUCT_BUNDLE_IDENTIFIER = torilin.tapperappUITests;
				PRODUCT_NAME = "$(TARGET_NAME)";
				TEST_TARGET_NAME = tapperapp;
			};
			name = Release;
		};
/* End XCBuildConfiguration section */

/* Begin XCConfigurationList section */
		710FF8871D45610700F35346 /* Build configuration list for PBXProject "tapperapp" */ = {
			isa = XCConfigurationList;
			buildConfigurations = (
				710FF8B21D45610800F35346 /* Debug */,
				710FF8B31D45610800F35346 /* Release */,
			);
			defaultConfigurationIsVisible = 0;
			defaultConfigurationName = Release;
		};
		710FF8B41D45610800F35346 /* Build configuration list for PBXNativeTarget "tapperapp" */ = {
			isa = XCConfigurationList;
			buildConfigurations = (
				710FF8B51D45610800F35346 /* Debug */,
				710FF8B61D45610800F35346 /* Release */,
			);
			defaultConfigurationIsVisible = 0;
		};
		710FF8B71D45610800F35346 /* Build configuration list for PBXNativeTarget "tapperappTests" */ = {
			isa = XCConfigurationList;
			buildConfigurations = (
				710FF8B81D45610800F35346 /* Debug */,
				710FF8B91D45610800F35346 /* Release */,
			);
			defaultConfigurationIsVisible = 0;
		};
		710FF8BA1D45610800F35346 /* Build configuration list for PBXNativeTarget "tapperappUITests" */ = {
			isa = XCConfigurationList;
			buildConfigurations = (
				710FF8BB1D45610800F35346 /* Debug */,
				710FF8BC1D45610800F35346 /* Release */,
			);
			defaultConfigurationIsVisible = 0;
		};
/* End XCConfigurationList section */
	};
	rootObject = 710FF8841D45610700F35346 /* Project object */;
}
